{
  "version": 4,
  "terraform_version": "1.0.3",
  "serial": 78,
  "lineage": "822b1267-5884-7e6f-658d-b00bbf3e1c6b",
  "outputs": {},
  "resources": [
    {
      "mode": "managed",
      "type": "aws_iam_role",
      "name": "step_function_role",
      "provider": "provider[\"registry.terraform.io/hashicorp/aws\"]",
      "instances": [
        {
          "schema_version": 0,
          "attributes": {
            "arn": "arn:aws:iam::985260598227:role/step-function-role",
            "assume_role_policy": "{\"Version\":\"2012-10-17\",\"Statement\":[{\"Sid\":\"StepFunctionAssumeRole\",\"Effect\":\"Allow\",\"Principal\":{\"Service\":\"states.amazonaws.com\"},\"Action\":\"sts:AssumeRole\"}]}",
            "create_date": "2021-07-28T14:01:43Z",
            "description": "",
            "force_detach_policies": false,
            "id": "step-function-role",
            "inline_policy": [
              {
                "name": "",
                "policy": ""
              }
            ],
            "managed_policy_arns": [],
            "max_session_duration": 3600,
            "name": "step-function-role",
            "name_prefix": null,
            "path": "/",
            "permissions_boundary": null,
            "tags": {},
            "tags_all": {},
            "unique_id": "AROA6KZQ3UPJ25KU2WCYX"
          },
          "sensitive_attributes": [],
          "private": "bnVsbA=="
        }
      ]
    },
    {
      "mode": "managed",
      "type": "aws_iam_role_policy",
      "name": "Aws-step-policy",
      "provider": "provider[\"registry.terraform.io/hashicorp/aws\"]",
      "instances": [
        {
          "schema_version": 0,
          "attributes": {
            "id": "step-function-role:Aws-step-policy",
            "name": "Aws-step-policy",
            "name_prefix": null,
            "policy": "{\r\n  \"Version\": \"2012-10-17\",\r\n  \"Statement\": [\r\n    {\r\n      \"Effect\": \"Allow\",\r\n      \"Action\": \"lambda:InvokeFunction\",\r\n      \"Resource\": \"*\"\r\n    }\r\n  ]\r\n}\r\n",
            "role": "step-function-role"
          },
          "sensitive_attributes": [],
          "private": "bnVsbA==",
          "dependencies": [
            "aws_iam_role.step_function_role"
          ]
        }
      ]
    },
    {
      "mode": "managed",
      "type": "aws_sfn_state_machine",
      "name": "sfn_state_machine",
      "provider": "provider[\"registry.terraform.io/hashicorp/aws\"]",
      "instances": [
        {
          "schema_version": 0,
          "attributes": {
            "arn": "arn:aws:states:us-east-2:985260598227:stateMachine:adi-state-machine-28",
            "creation_date": "2021-07-28T14:02:04Z",
            "definition": "{\r\n  \"Comment\": \"transaction state machine\",\r\n  \"StartAt\": \"ProcessTransaction\",\r\n  \"States\": {\r\n    \"ProcessTransaction\": {\r\n      \"Type\": \"Choice\",\r\n      \"Choices\": [\r\n        {\r\n          \"Variable\": \"$.TransactionType\",\r\n          \"StringEquals\": \"PURCHASE\",\r\n          \"Next\": \"ProcessPurchase\"\r\n        },\r\n        {\r\n          \"Variable\": \"$.TransactionType\",\r\n          \"StringEquals\": \"REFUND\",\r\n          \"Next\": \"ProcessRefund\"\r\n        }\r\n      ]\r\n    },\r\n    \"ProcessRefund\": {\r\n      \"Type\": \"Task\",\r\n      \"Resource\": \"arn:aws:lambda:us-east-2:985260598227:function:refund\",\r\n      \"End\": true\r\n    },\r\n    \"ProcessPurchase\": {\r\n      \"Type\": \"Task\",\r\n      \"Resource\": \"arn:aws:lambda:us-east-2:985260598227:function:purchase\",\r\n      \"End\": true\r\n    }\r\n  }\r\n}\r\n",
            "id": "arn:aws:states:us-east-2:985260598227:stateMachine:adi-state-machine-28",
            "logging_configuration": [
              {
                "include_execution_data": false,
                "level": "OFF",
                "log_destination": ""
              }
            ],
            "name": "adi-state-machine-28",
            "role_arn": "arn:aws:iam::985260598227:role/step-function-role",
            "status": "ACTIVE",
            "tags": {},
            "tags_all": {},
            "tracing_configuration": [
              {
                "enabled": false
              }
            ],
            "type": "STANDARD"
          },
          "sensitive_attributes": [],
          "private": "bnVsbA==",
          "dependencies": [
            "aws_iam_role.step_function_role"
          ]
        }
      ]
    }
  ]
}
